
Microsoft Visual Studio Solution File, Format Version 12.00
# Visual Studio 15
VisualStudioVersion = 15.0.26124.0
MinimumVisualStudioVersion = 15.0.26124.0
Project("{FAE04EC0-301F-11D3-BF4B-00C04F79EFBC}") = "API", "API\API.csproj", "{59663954-E696-44CE-B1D2-93366B6A667F}"
EndProject
Project("{FAE04EC0-301F-11D3-BF4B-00C04F79EFBC}") = "Domain", "Domain\Domain.csproj", "{75D7197C-B2D1-4D7F-81EC-219C7F039D83}"
EndProject
Project("{FAE04EC0-301F-11D3-BF4B-00C04F79EFBC}") = "Application", "Application\Application.csproj", "{64241BD6-51AA-490A-8621-36993B51118F}"
EndProject
Global
	GlobalSection(SolutionConfigurationPlatforms) = preSolution
		Debug|Any CPU = Debug|Any CPU
		Debug|x64 = Debug|x64
		Debug|x86 = Debug|x86
		Release|Any CPU = Release|Any CPU
		Release|x64 = Release|x64
		Release|x86 = Release|x86
	EndGlobalSection
	GlobalSection(SolutionProperties) = preSolution
		HideSolutionNode = FALSE
	EndGlobalSection
	GlobalSection(ProjectConfigurationPlatforms) = postSolution
		{59663954-E696-44CE-B1D2-93366B6A667F}.Debug|Any CPU.ActiveCfg = Debug|Any CPU
		{59663954-E696-44CE-B1D2-93366B6A667F}.Debug|Any CPU.Build.0 = Debug|Any CPU
		{59663954-E696-44CE-B1D2-93366B6A667F}.Debug|x64.ActiveCfg = Debug|Any CPU
		{59663954-E696-44CE-B1D2-93366B6A667F}.Debug|x64.Build.0 = Debug|Any CPU
		{59663954-E696-44CE-B1D2-93366B6A667F}.Debug|x86.ActiveCfg = Debug|Any CPU
		{59663954-E696-44CE-B1D2-93366B6A667F}.Debug|x86.Build.0 = Debug|Any CPU
		{59663954-E696-44CE-B1D2-93366B6A667F}.Release|Any CPU.ActiveCfg = Release|Any CPU
		{59663954-E696-44CE-B1D2-93366B6A667F}.Release|Any CPU.Build.0 = Release|Any CPU
		{59663954-E696-44CE-B1D2-93366B6A667F}.Release|x64.ActiveCfg = Release|Any CPU
		{59663954-E696-44CE-B1D2-93366B6A667F}.Release|x64.Build.0 = Release|Any CPU
		{59663954-E696-44CE-B1D2-93366B6A667F}.Release|x86.ActiveCfg = Release|Any CPU
		{59663954-E696-44CE-B1D2-93366B6A667F}.Release|x86.Build.0 = Release|Any CPU
		{75D7197C-B2D1-4D7F-81EC-219C7F039D83}.Debug|Any CPU.ActiveCfg = Debug|Any CPU
		{75D7197C-B2D1-4D7F-81EC-219C7F039D83}.Debug|Any CPU.Build.0 = Debug|Any CPU
		{75D7197C-B2D1-4D7F-81EC-219C7F039D83}.Debug|x64.ActiveCfg = Debug|Any CPU
		{75D7197C-B2D1-4D7F-81EC-219C7F039D83}.Debug|x64.Build.0 = Debug|Any CPU
		{75D7197C-B2D1-4D7F-81EC-219C7F039D83}.Debug|x86.ActiveCfg = Debug|Any CPU
		{75D7197C-B2D1-4D7F-81EC-219C7F039D83}.Debug|x86.Build.0 = Debug|Any CPU
		{75D7197C-B2D1-4D7F-81EC-219C7F039D83}.Release|Any CPU.ActiveCfg = Release|Any CPU
		{75D7197C-B2D1-4D7F-81EC-219C7F039D83}.Release|Any CPU.Build.0 = Release|Any CPU
		{75D7197C-B2D1-4D7F-81EC-219C7F039D83}.Release|x64.ActiveCfg = Release|Any CPU
		{75D7197C-B2D1-4D7F-81EC-219C7F039D83}.Release|x64.Build.0 = Release|Any CPU
		{75D7197C-B2D1-4D7F-81EC-219C7F039D83}.Release|x86.ActiveCfg = Release|Any CPU
		{75D7197C-B2D1-4D7F-81EC-219C7F039D83}.Release|x86.Build.0 = Release|Any CPU
		{64241BD6-51AA-490A-8621-36993B51118F}.Debug|Any CPU.ActiveCfg = Debug|Any CPU
		{64241BD6-51AA-490A-8621-36993B51118F}.Debug|Any CPU.Build.0 = Debug|Any CPU
		{64241BD6-51AA-490A-8621-36993B51118F}.Debug|x64.ActiveCfg = Debug|Any CPU
		{64241BD6-51AA-490A-8621-36993B51118F}.Debug|x64.Build.0 = Debug|Any CPU
		{64241BD6-51AA-490A-8621-36993B51118F}.Debug|x86.ActiveCfg = Debug|Any CPU
		{64241BD6-51AA-490A-8621-36993B51118F}.Debug|x86.Build.0 = Debug|Any CPU
		{64241BD6-51AA-490A-8621-36993B51118F}.Release|Any CPU.ActiveCfg = Release|Any CPU
		{64241BD6-51AA-490A-8621-36993B51118F}.Release|Any CPU.Build.0 = Release|Any CPU
		{64241BD6-51AA-490A-8621-36993B51118F}.Release|x64.ActiveCfg = Release|Any CPU
		{64241BD6-51AA-490A-8621-36993B51118F}.Release|x64.Build.0 = Release|Any CPU
		{64241BD6-51AA-490A-8621-36993B51118F}.Release|x86.ActiveCfg = Release|Any CPU
		{64241BD6-51AA-490A-8621-36993B51118F}.Release|x86.Build.0 = Release|Any CPU
	EndGlobalSection
EndGlobal
